
Microsoft Visual Studio Solution File, Format Version 12.00
# Visual Studio Version 16
VisualStudioVersion = 16.0.31911.196
MinimumVisualStudioVersion = 10.0.40219.1
Project("{8BC9CEB8-8B4A-11D0-8D11-00A0C91BC942}") = "chapter14_exam01", "chapter14_exam.vcxproj", "{5A3AB353-B352-4F36-9490-0EB26F94FEFB}"
EndProject
Project("{8BC9CEB8-8B4A-11D0-8D11-00A0C91BC942}") = "chapter14_exam02", "..\chapter14_exam02\chapter14_exam02.vcxproj", "{6611AE6C-9BF6-4F66-8C1A-45769038CCEA}"
EndProject
Project("{8BC9CEB8-8B4A-11D0-8D11-00A0C91BC942}") = "chapter14_exam03", "..\chapter14_exam03\chapter14_exam03.vcxproj", "{B3F14DE8-8B03-491F-806C-9B7E3441CCA5}"
EndProject
Project("{8BC9CEB8-8B4A-11D0-8D11-00A0C91BC942}") = "chapter14_exam04", "..\chapter14_exam04\chapter14_exam04.vcxproj", "{56F8FD04-1DE6-41DE-ABD2-96036BFE1A1C}"
EndProject
Project("{8BC9CEB8-8B4A-11D0-8D11-00A0C91BC942}") = "chapter14_exam05", "..\chapter14_exam05\chapter14_exam05.vcxproj", "{CA3AA850-4FA5-494A-9AFE-42689F9FFD3D}"
EndProject
Project("{8BC9CEB8-8B4A-11D0-8D11-00A0C91BC942}") = "chapter14_exam06", "..\chapter14_exam06\chapter14_exam06.vcxproj", "{4712142E-99FF-4BBE-A7A1-055638305912}"
EndProject
Project("{8BC9CEB8-8B4A-11D0-8D11-00A0C91BC942}") = "chapter14_exam07", "..\chapter14_exam07\chapter14_exam07.vcxproj", "{332A8045-F944-448A-BFD1-B1087616DC8F}"
EndProject
Project("{8BC9CEB8-8B4A-11D0-8D11-00A0C91BC942}") = "chapter14_exam08", "..\chapter14_exam08\chapter14_exam08.vcxproj", "{D83A907B-5A12-4314-BA45-E22C5356FF02}"
EndProject
Project("{8BC9CEB8-8B4A-11D0-8D11-00A0C91BC942}") = "chapter14_exam09", "..\chapter14_exam09\chapter14_exam09.vcxproj", "{8F21211A-3753-436E-8D8C-7F638CFA7B7F}"
EndProject
Project("{8BC9CEB8-8B4A-11D0-8D11-00A0C91BC942}") = "chapter14_exam10", "..\chapter14_exam10\chapter14_exam10.vcxproj", "{A5C00CF4-C17A-46FA-B1BB-29DB3236E10A}"
EndProject
Project("{8BC9CEB8-8B4A-11D0-8D11-00A0C91BC942}") = "chapter14_exam11", "..\chapter14_exam11\chapter14_exam11.vcxproj", "{05047D60-4823-48C9-8C0A-091CFE27249E}"
EndProject
Project("{8BC9CEB8-8B4A-11D0-8D11-00A0C91BC942}") = "chapter14_exam12", "..\chapter14_exam12\chapter14_exam12.vcxproj", "{DE2738C4-76E8-4200-9E1C-9047FF8E618C}"
EndProject
Project("{8BC9CEB8-8B4A-11D0-8D11-00A0C91BC942}") = "chapter14_exam13", "..\chapter14_exam13\chapter14_exam13.vcxproj", "{96A61434-E3B7-4075-9B96-278540F8419A}"
EndProject
Project("{8BC9CEB8-8B4A-11D0-8D11-00A0C91BC942}") = "chapter14_exam14", "..\chapter14_exam14\chapter14_exam14.vcxproj", "{B75D36E5-C92E-4B2C-8862-4674D159C452}"
EndProject
Project("{8BC9CEB8-8B4A-11D0-8D11-00A0C91BC942}") = "chapter14_exam15", "..\chapter14_exam15\chapter14_exam15.vcxproj", "{B46CCAA4-062B-4CC4-AFA3-5A8155C52832}"
EndProject
Project("{8BC9CEB8-8B4A-11D0-8D11-00A0C91BC942}") = "chapter14_exam16", "..\chapter14_exam16\chapter14_exam16.vcxproj", "{73E42E4F-92C3-441D-AFB1-0C400995E7C8}"
EndProject
Project("{2150E333-8FDC-42A3-9474-1A3956D46DE8}") = "Exam", "Exam", "{88CFA75D-DCBE-4A91-B946-F8F9CA7183A3}"
EndProject
Project("{2150E333-8FDC-42A3-9474-1A3956D46DE8}") = "Test", "Test", "{6A80BF70-603D-4A15-87B2-112D08419090}"
EndProject
Project("{8BC9CEB8-8B4A-11D0-8D11-00A0C91BC942}") = "chapter14_test04", "..\chapter14_test04\chapter14_test04.vcxproj", "{3BC2A674-32ED-4CE2-9606-3C483B6B95AB}"
EndProject
Global
	GlobalSection(SolutionConfigurationPlatforms) = preSolution
		Debug|x64 = Debug|x64
		Debug|x86 = Debug|x86
		Release|x64 = Release|x64
		Release|x86 = Release|x86
	EndGlobalSection
	GlobalSection(ProjectConfigurationPlatforms) = postSolution
		{5A3AB353-B352-4F36-9490-0EB26F94FEFB}.Debug|x64.ActiveCfg = Debug|x64
		{5A3AB353-B352-4F36-9490-0EB26F94FEFB}.Debug|x64.Build.0 = Debug|x64
		{5A3AB353-B352-4F36-9490-0EB26F94FEFB}.Debug|x86.ActiveCfg = Debug|Win32
		{5A3AB353-B352-4F36-9490-0EB26F94FEFB}.Debug|x86.Build.0 = Debug|Win32
		{5A3AB353-B352-4F36-9490-0EB26F94FEFB}.Release|x64.ActiveCfg = Release|x64
		{5A3AB353-B352-4F36-9490-0EB26F94FEFB}.Release|x64.Build.0 = Release|x64
		{5A3AB353-B352-4F36-9490-0EB26F94FEFB}.Release|x86.ActiveCfg = Release|Win32
		{5A3AB353-B352-4F36-9490-0EB26F94FEFB}.Release|x86.Build.0 = Release|Win32
		{6611AE6C-9BF6-4F66-8C1A-45769038CCEA}.Debug|x64.ActiveCfg = Debug|x64
		{6611AE6C-9BF6-4F66-8C1A-45769038CCEA}.Debug|x64.Build.0 = Debug|x64
		{6611AE6C-9BF6-4F66-8C1A-45769038CCEA}.Debug|x86.ActiveCfg = Debug|Win32
		{6611AE6C-9BF6-4F66-8C1A-45769038CCEA}.Debug|x86.Build.0 = Debug|Win32
		{6611AE6C-9BF6-4F66-8C1A-45769038CCEA}.Release|x64.ActiveCfg = Release|x64
		{6611AE6C-9BF6-4F66-8C1A-45769038CCEA}.Release|x64.Build.0 = Release|x64
		{6611AE6C-9BF6-4F66-8C1A-45769038CCEA}.Release|x86.ActiveCfg = Release|Win32
		{6611AE6C-9BF6-4F66-8C1A-45769038CCEA}.Release|x86.Build.0 = Release|Win32
		{B3F14DE8-8B03-491F-806C-9B7E3441CCA5}.Debug|x64.ActiveCfg = Debug|x64
		{B3F14DE8-8B03-491F-806C-9B7E3441CCA5}.Debug|x64.Build.0 = Debug|x64
		{B3F14DE8-8B03-491F-806C-9B7E3441CCA5}.Debug|x86.ActiveCfg = Debug|Win32
		{B3F14DE8-8B03-491F-806C-9B7E3441CCA5}.Debug|x86.Build.0 = Debug|Win32
		{B3F14DE8-8B03-491F-806C-9B7E3441CCA5}.Release|x64.ActiveCfg = Release|x64
		{B3F14DE8-8B03-491F-806C-9B7E3441CCA5}.Release|x64.Build.0 = Release|x64
		{B3F14DE8-8B03-491F-806C-9B7E3441CCA5}.Release|x86.ActiveCfg = Release|Win32
		{B3F14DE8-8B03-491F-806C-9B7E3441CCA5}.Release|x86.Build.0 = Release|Win32
		{56F8FD04-1DE6-41DE-ABD2-96036BFE1A1C}.Debug|x64.ActiveCfg = Debug|x64
		{56F8FD04-1DE6-41DE-ABD2-96036BFE1A1C}.Debug|x64.Build.0 = Debug|x64
		{56F8FD04-1DE6-41DE-ABD2-96036BFE1A1C}.Debug|x86.ActiveCfg = Debug|Win32
		{56F8FD04-1DE6-41DE-ABD2-96036BFE1A1C}.Debug|x86.Build.0 = Debug|Win32
		{56F8FD04-1DE6-41DE-ABD2-96036BFE1A1C}.Release|x64.ActiveCfg = Release|x64
		{56F8FD04-1DE6-41DE-ABD2-96036BFE1A1C}.Release|x64.Build.0 = Release|x64
		{56F8FD04-1DE6-41DE-ABD2-96036BFE1A1C}.Release|x86.ActiveCfg = Release|Win32
		{56F8FD04-1DE6-41DE-ABD2-96036BFE1A1C}.Release|x86.Build.0 = Release|Win32
		{CA3AA850-4FA5-494A-9AFE-42689F9FFD3D}.Debug|x64.ActiveCfg = Debug|x64
		{CA3AA850-4FA5-494A-9AFE-42689F9FFD3D}.Debug|x64.Build.0 = Debug|x64
		{CA3AA850-4FA5-494A-9AFE-42689F9FFD3D}.Debug|x86.ActiveCfg = Debug|Win32
		{CA3AA850-4FA5-494A-9AFE-42689F9FFD3D}.Debug|x86.Build.0 = Debug|Win32
		{CA3AA850-4FA5-494A-9AFE-42689F9FFD3D}.Release|x64.ActiveCfg = Release|x64
		{CA3AA850-4FA5-494A-9AFE-42689F9FFD3D}.Release|x64.Build.0 = Release|x64
		{CA3AA850-4FA5-494A-9AFE-42689F9FFD3D}.Release|x86.ActiveCfg = Release|Win32
		{CA3AA850-4FA5-494A-9AFE-42689F9FFD3D}.Release|x86.Build.0 = Release|Win32
		{4712142E-99FF-4BBE-A7A1-055638305912}.Debug|x64.ActiveCfg = Debug|x64
		{4712142E-99FF-4BBE-A7A1-055638305912}.Debug|x64.Build.0 = Debug|x64
		{4712142E-99FF-4BBE-A7A1-055638305912}.Debug|x86.ActiveCfg = Debug|Win32
		{4712142E-99FF-4BBE-A7A1-055638305912}.Debug|x86.Build.0 = Debug|Win32
		{4712142E-99FF-4BBE-A7A1-055638305912}.Release|x64.ActiveCfg = Release|x64
		{4712142E-99FF-4BBE-A7A1-055638305912}.Release|x64.Build.0 = Release|x64
		{4712142E-99FF-4BBE-A7A1-055638305912}.Release|x86.ActiveCfg = Release|Win32
		{4712142E-99FF-4BBE-A7A1-055638305912}.Release|x86.Build.0 = Release|Win32
		{332A8045-F944-448A-BFD1-B1087616DC8F}.Debug|x64.ActiveCfg = Debug|x64
		{332A8045-F944-448A-BFD1-B1087616DC8F}.Debug|x64.Build.0 = Debug|x64
		{332A8045-F944-448A-BFD1-B1087616DC8F}.Debug|x86.ActiveCfg = Debug|Win32
		{332A8045-F944-448A-BFD1-B1087616DC8F}.Debug|x86.Build.0 = Debug|Win32
		{332A8045-F944-448A-BFD1-B1087616DC8F}.Release|x64.ActiveCfg = Release|x64
		{332A8045-F944-448A-BFD1-B1087616DC8F}.Release|x64.Build.0 = Release|x64
		{332A8045-F944-448A-BFD1-B1087616DC8F}.Release|x86.ActiveCfg = Release|Win32
		{332A8045-F944-448A-BFD1-B1087616DC8F}.Release|x86.Build.0 = Release|Win32
		{D83A907B-5A12-4314-BA45-E22C5356FF02}.Debug|x64.ActiveCfg = Debug|x64
		{D83A907B-5A12-4314-BA45-E22C5356FF02}.Debug|x64.Build.0 = Debug|x64
		{D83A907B-5A12-4314-BA45-E22C5356FF02}.Debug|x86.ActiveCfg = Debug|Win32
		{D83A907B-5A12-4314-BA45-E22C5356FF02}.Debug|x86.Build.0 = Debug|Win32
		{D83A907B-5A12-4314-BA45-E22C5356FF02}.Release|x64.ActiveCfg = Release|x64
		{D83A907B-5A12-4314-BA45-E22C5356FF02}.Release|x64.Build.0 = Release|x64
		{D83A907B-5A12-4314-BA45-E22C5356FF02}.Release|x86.ActiveCfg = Release|Win32
		{D83A907B-5A12-4314-BA45-E22C5356FF02}.Release|x86.Build.0 = Release|Win32
		{8F21211A-3753-436E-8D8C-7F638CFA7B7F}.Debug|x64.ActiveCfg = Debug|x64
		{8F21211A-3753-436E-8D8C-7F638CFA7B7F}.Debug|x64.Build.0 = Debug|x64
		{8F21211A-3753-436E-8D8C-7F638CFA7B7F}.Debug|x86.ActiveCfg = Debug|Win32
		{8F21211A-3753-436E-8D8C-7F638CFA7B7F}.Debug|x86.Build.0 = Debug|Win32
		{8F21211A-3753-436E-8D8C-7F638CFA7B7F}.Release|x64.ActiveCfg = Release|x64
		{8F21211A-3753-436E-8D8C-7F638CFA7B7F}.Release|x64.Build.0 = Release|x64
		{8F21211A-3753-436E-8D8C-7F638CFA7B7F}.Release|x86.ActiveCfg = Release|Win32
		{8F21211A-3753-436E-8D8C-7F638CFA7B7F}.Release|x86.Build.0 = Release|Win32
		{A5C00CF4-C17A-46FA-B1BB-29DB3236E10A}.Debug|x64.ActiveCfg = Debug|x64
		{A5C00CF4-C17A-46FA-B1BB-29DB3236E10A}.Debug|x64.Build.0 = Debug|x64
		{A5C00CF4-C17A-46FA-B1BB-29DB3236E10A}.Debug|x86.ActiveCfg = Debug|Win32
		{A5C00CF4-C17A-46FA-B1BB-29DB3236E10A}.Debug|x86.Build.0 = Debug|Win32
		{A5C00CF4-C17A-46FA-B1BB-29DB3236E10A}.Release|x64.ActiveCfg = Release|x64
		{A5C00CF4-C17A-46FA-B1BB-29DB3236E10A}.Release|x64.Build.0 = Release|x64
		{A5C00CF4-C17A-46FA-B1BB-29DB3236E10A}.Release|x86.ActiveCfg = Release|Win32
		{A5C00CF4-C17A-46FA-B1BB-29DB3236E10A}.Release|x86.Build.0 = Release|Win32
		{05047D60-4823-48C9-8C0A-091CFE27249E}.Debug|x64.ActiveCfg = Debug|x64
		{05047D60-4823-48C9-8C0A-091CFE27249E}.Debug|x64.Build.0 = Debug|x64
		{05047D60-4823-48C9-8C0A-091CFE27249E}.Debug|x86.ActiveCfg = Debug|Win32
		{05047D60-4823-48C9-8C0A-091CFE27249E}.Debug|x86.Build.0 = Debug|Win32
		{05047D60-4823-48C9-8C0A-091CFE27249E}.Release|x64.ActiveCfg = Release|x64
		{05047D60-4823-48C9-8C0A-091CFE27249E}.Release|x64.Build.0 = Release|x64
		{05047D60-4823-48C9-8C0A-091CFE27249E}.Release|x86.ActiveCfg = Release|Win32
		{05047D60-4823-48C9-8C0A-091CFE27249E}.Release|x86.Build.0 = Release|Win32
		{DE2738C4-76E8-4200-9E1C-9047FF8E618C}.Debug|x64.ActiveCfg = Debug|x64
		{DE2738C4-76E8-4200-9E1C-9047FF8E618C}.Debug|x64.Build.0 = Debug|x64
		{DE2738C4-76E8-4200-9E1C-9047FF8E618C}.Debug|x86.ActiveCfg = Debug|Win32
		{DE2738C4-76E8-4200-9E1C-9047FF8E618C}.Debug|x86.Build.0 = Debug|Win32
		{DE2738C4-76E8-4200-9E1C-9047FF8E618C}.Release|x64.ActiveCfg = Release|x64
		{DE2738C4-76E8-4200-9E1C-9047FF8E618C}.Release|x64.Build.0 = Release|x64
		{DE2738C4-76E8-4200-9E1C-9047FF8E618C}.Release|x86.ActiveCfg = Release|Win32
		{DE2738C4-76E8-4200-9E1C-9047FF8E618C}.Release|x86.Build.0 = Release|Win32
		{96A61434-E3B7-4075-9B96-278540F8419A}.Debug|x64.ActiveCfg = Debug|x64
		{96A61434-E3B7-4075-9B96-278540F8419A}.Debug|x64.Build.0 = Debug|x64
		{96A61434-E3B7-4075-9B96-278540F8419A}.Debug|x86.ActiveCfg = Debug|Win32
		{96A61434-E3B7-4075-9B96-278540F8419A}.Debug|x86.Build.0 = Debug|Win32
		{96A61434-E3B7-4075-9B96-278540F8419A}.Release|x64.ActiveCfg = Release|x64
		{96A61434-E3B7-4075-9B96-278540F8419A}.Release|x64.Build.0 = Release|x64
		{96A61434-E3B7-4075-9B96-278540F8419A}.Release|x86.ActiveCfg = Release|Win32
		{96A61434-E3B7-4075-9B96-278540F8419A}.Release|x86.Build.0 = Release|Win32
		{B75D36E5-C92E-4B2C-8862-4674D159C452}.Debug|x64.ActiveCfg = Debug|x64
		{B75D36E5-C92E-4B2C-8862-4674D159C452}.Debug|x64.Build.0 = Debug|x64
		{B75D36E5-C92E-4B2C-8862-4674D159C452}.Debug|x86.ActiveCfg = Debug|Win32
		{B75D36E5-C92E-4B2C-8862-4674D159C452}.Debug|x86.Build.0 = Debug|Win32
		{B75D36E5-C92E-4B2C-8862-4674D159C452}.Release|x64.ActiveCfg = Release|x64
		{B75D36E5-C92E-4B2C-8862-4674D159C452}.Release|x64.Build.0 = Release|x64
		{B75D36E5-C92E-4B2C-8862-4674D159C452}.Release|x86.ActiveCfg = Release|Win32
		{B75D36E5-C92E-4B2C-8862-4674D159C452}.Release|x86.Build.0 = Release|Win32
		{B46CCAA4-062B-4CC4-AFA3-5A8155C52832}.Debug|x64.ActiveCfg = Debug|x64
		{B46CCAA4-062B-4CC4-AFA3-5A8155C52832}.Debug|x64.Build.0 = Debug|x64
		{B46CCAA4-062B-4CC4-AFA3-5A8155C52832}.Debug|x86.ActiveCfg = Debug|Win32
		{B46CCAA4-062B-4CC4-AFA3-5A8155C52832}.Debug|x86.Build.0 = Debug|Win32
		{B46CCAA4-062B-4CC4-AFA3-5A8155C52832}.Release|x64.ActiveCfg = Release|x64
		{B46CCAA4-062B-4CC4-AFA3-5A8155C52832}.Release|x64.Build.0 = Release|x64
		{B46CCAA4-062B-4CC4-AFA3-5A8155C52832}.Release|x86.ActiveCfg = Release|Win32
		{B46CCAA4-062B-4CC4-AFA3-5A8155C52832}.Release|x86.Build.0 = Release|Win32
		{73E42E4F-92C3-441D-AFB1-0C400995E7C8}.Debug|x64.ActiveCfg = Debug|x64
		{73E42E4F-92C3-441D-AFB1-0C400995E7C8}.Debug|x64.Build.0 = Debug|x64
		{73E42E4F-92C3-441D-AFB1-0C400995E7C8}.Debug|x86.ActiveCfg = Debug|Win32
		{73E42E4F-92C3-441D-AFB1-0C400995E7C8}.Debug|x86.Build.0 = Debug|Win32
		{73E42E4F-92C3-441D-AFB1-0C400995E7C8}.Release|x64.ActiveCfg = Release|x64
		{73E42E4F-92C3-441D-AFB1-0C400995E7C8}.Release|x64.Build.0 = Release|x64
		{73E42E4F-92C3-441D-AFB1-0C400995E7C8}.Release|x86.ActiveCfg = Release|Win32
		{73E42E4F-92C3-441D-AFB1-0C400995E7C8}.Release|x86.Build.0 = Release|Win32
		{3BC2A674-32ED-4CE2-9606-3C483B6B95AB}.Debug|x64.ActiveCfg = Debug|x64
		{3BC2A674-32ED-4CE2-9606-3C483B6B95AB}.Debug|x64.Build.0 = Debug|x64
		{3BC2A674-32ED-4CE2-9606-3C483B6B95AB}.Debug|x86.ActiveCfg = Debug|Win32
		{3BC2A674-32ED-4CE2-9606-3C483B6B95AB}.Debug|x86.Build.0 = Debug|Win32
		{3BC2A674-32ED-4CE2-9606-3C483B6B95AB}.Release|x64.ActiveCfg = Release|x64
		{3BC2A674-32ED-4CE2-9606-3C483B6B95AB}.Release|x64.Build.0 = Release|x64
		{3BC2A674-32ED-4CE2-9606-3C483B6B95AB}.Release|x86.ActiveCfg = Release|Win32
		{3BC2A674-32ED-4CE2-9606-3C483B6B95AB}.Release|x86.Build.0 = Release|Win32
	EndGlobalSection
	GlobalSection(SolutionProperties) = preSolution
		HideSolutionNode = FALSE
	EndGlobalSection
	GlobalSection(NestedProjects) = preSolution
		{5A3AB353-B352-4F36-9490-0EB26F94FEFB} = {88CFA75D-DCBE-4A91-B946-F8F9CA7183A3}
		{6611AE6C-9BF6-4F66-8C1A-45769038CCEA} = {88CFA75D-DCBE-4A91-B946-F8F9CA7183A3}
		{B3F14DE8-8B03-491F-806C-9B7E3441CCA5} = {88CFA75D-DCBE-4A91-B946-F8F9CA7183A3}
		{56F8FD04-1DE6-41DE-ABD2-96036BFE1A1C} = {88CFA75D-DCBE-4A91-B946-F8F9CA7183A3}
		{CA3AA850-4FA5-494A-9AFE-42689F9FFD3D} = {88CFA75D-DCBE-4A91-B946-F8F9CA7183A3}
		{4712142E-99FF-4BBE-A7A1-055638305912} = {88CFA75D-DCBE-4A91-B946-F8F9CA7183A3}
		{332A8045-F944-448A-BFD1-B1087616DC8F} = {88CFA75D-DCBE-4A91-B946-F8F9CA7183A3}
		{D83A907B-5A12-4314-BA45-E22C5356FF02} = {88CFA75D-DCBE-4A91-B946-F8F9CA7183A3}
		{8F21211A-3753-436E-8D8C-7F638CFA7B7F} = {88CFA75D-DCBE-4A91-B946-F8F9CA7183A3}
		{A5C00CF4-C17A-46FA-B1BB-29DB3236E10A} = {88CFA75D-DCBE-4A91-B946-F8F9CA7183A3}
		{05047D60-4823-48C9-8C0A-091CFE27249E} = {88CFA75D-DCBE-4A91-B946-F8F9CA7183A3}
		{DE2738C4-76E8-4200-9E1C-9047FF8E618C} = {88CFA75D-DCBE-4A91-B946-F8F9CA7183A3}
		{96A61434-E3B7-4075-9B96-278540F8419A} = {88CFA75D-DCBE-4A91-B946-F8F9CA7183A3}
		{B75D36E5-C92E-4B2C-8862-4674D159C452} = {88CFA75D-DCBE-4A91-B946-F8F9CA7183A3}
		{B46CCAA4-062B-4CC4-AFA3-5A8155C52832} = {88CFA75D-DCBE-4A91-B946-F8F9CA7183A3}
		{73E42E4F-92C3-441D-AFB1-0C400995E7C8} = {88CFA75D-DCBE-4A91-B946-F8F9CA7183A3}
		{3BC2A674-32ED-4CE2-9606-3C483B6B95AB} = {6A80BF70-603D-4A15-87B2-112D08419090}
	EndGlobalSection
	GlobalSection(ExtensibilityGlobals) = postSolution
		SolutionGuid = {DE996D06-482A-4873-B642-1B742C93E5E4}
	EndGlobalSection
EndGlobal
