
Microsoft Visual Studio Solution File, Format Version 12.00
# Visual Studio Version 16
VisualStudioVersion = 16.0.31911.196
MinimumVisualStudioVersion = 10.0.40219.1
Project("{8BC9CEB8-8B4A-11D0-8D11-00A0C91BC942}") = "chapter09_exam01", "chapter09_exam.vcxproj", "{5CF99515-8B96-4FBA-9448-50981D6163B4}"
EndProject
Project("{8BC9CEB8-8B4A-11D0-8D11-00A0C91BC942}") = "chapter09_exam02", "..\chapter09_exam02\chapter09_exam02.vcxproj", "{5BA5E16A-534C-478B-9DFC-268DC4E75C99}"
EndProject
Project("{8BC9CEB8-8B4A-11D0-8D11-00A0C91BC942}") = "chapter09_exam03", "..\chapter09_exam03\chapter09_exam03.vcxproj", "{5457BC56-732A-4FCE-81FF-0A326A9C77D9}"
EndProject
Project("{8BC9CEB8-8B4A-11D0-8D11-00A0C91BC942}") = "chapter09_exam04", "..\chapter09_exam04\chapter09_exam04.vcxproj", "{C712E4AE-E35A-45BC-ACEC-7DC1052082C2}"
EndProject
Project("{8BC9CEB8-8B4A-11D0-8D11-00A0C91BC942}") = "chapter09_exam05", "..\chapter09_exam05\chapter09_exam05.vcxproj", "{A8FFC9A6-1590-4B84-8F54-A0946C0F5709}"
EndProject
Project("{8BC9CEB8-8B4A-11D0-8D11-00A0C91BC942}") = "chapter09_exam06", "..\chapter09_exam06\chapter09_exam06.vcxproj", "{08087F6C-CE31-40DA-BEBA-E16D5DEFF0A0}"
EndProject
Project("{8BC9CEB8-8B4A-11D0-8D11-00A0C91BC942}") = "chapter09_exam07", "..\chapter09_exam07\chapter09_exam07.vcxproj", "{4F31D01E-07DC-481B-8558-DEE4B2F11D0C}"
EndProject
Project("{8BC9CEB8-8B4A-11D0-8D11-00A0C91BC942}") = "chapter09_exam08", "..\chapter09_exam08\chapter09_exam08.vcxproj", "{B6ED1284-B241-4E46-8C69-CB9695DACD28}"
EndProject
Project("{8BC9CEB8-8B4A-11D0-8D11-00A0C91BC942}") = "chapter09_exam09", "..\chapter09_exam09\chapter09_exam09.vcxproj", "{69657058-E405-4BC0-99CF-E3F08E6A2415}"
EndProject
Project("{8BC9CEB8-8B4A-11D0-8D11-00A0C91BC942}") = "chapter09_exam10", "..\chapter09_exam10\chapter09_exam10.vcxproj", "{9E9FA4CE-A108-4793-88D9-0C67E0BFDD07}"
EndProject
Project("{8BC9CEB8-8B4A-11D0-8D11-00A0C91BC942}") = "chapter09_exam11", "..\chapter09_exam11\chapter09_exam11.vcxproj", "{83083F83-19AF-48DB-9948-25BCF1225D6B}"
EndProject
Project("{8BC9CEB8-8B4A-11D0-8D11-00A0C91BC942}") = "chapter09_exam12", "..\chapter09_exam12\chapter09_exam12.vcxproj", "{1A344693-37D1-4451-A803-667C908882F2}"
EndProject
Project("{8BC9CEB8-8B4A-11D0-8D11-00A0C91BC942}") = "chapter09_exam13", "..\chapter09_exam13\chapter09_exam13.vcxproj", "{C27EFAB0-FFBD-4296-942B-1A947FAE50C7}"
EndProject
Project("{8BC9CEB8-8B4A-11D0-8D11-00A0C91BC942}") = "chapter09_test01", "..\chapter09_test01\chapter09_test01.vcxproj", "{AA510F99-70FA-4ADE-ACD8-7591C3584791}"
EndProject
Project("{2150E333-8FDC-42A3-9474-1A3956D46DE8}") = "Example", "Example", "{575A69B9-32F6-4441-9577-8E4AC031AE5B}"
EndProject
Project("{2150E333-8FDC-42A3-9474-1A3956D46DE8}") = "Test", "Test", "{34B2CA7D-1B61-4D9E-B6CB-C6C4255AC831}"
EndProject
Project("{8BC9CEB8-8B4A-11D0-8D11-00A0C91BC942}") = "chapter09_test02", "..\chapter09_test02\chapter09_test02.vcxproj", "{16CA4FF7-27DC-4EEE-BD26-C79F71DDD5B8}"
EndProject
Global
	GlobalSection(SolutionConfigurationPlatforms) = preSolution
		Debug|x64 = Debug|x64
		Debug|x86 = Debug|x86
		Release|x64 = Release|x64
		Release|x86 = Release|x86
	EndGlobalSection
	GlobalSection(ProjectConfigurationPlatforms) = postSolution
		{5CF99515-8B96-4FBA-9448-50981D6163B4}.Debug|x64.ActiveCfg = Debug|x64
		{5CF99515-8B96-4FBA-9448-50981D6163B4}.Debug|x64.Build.0 = Debug|x64
		{5CF99515-8B96-4FBA-9448-50981D6163B4}.Debug|x86.ActiveCfg = Debug|Win32
		{5CF99515-8B96-4FBA-9448-50981D6163B4}.Debug|x86.Build.0 = Debug|Win32
		{5CF99515-8B96-4FBA-9448-50981D6163B4}.Release|x64.ActiveCfg = Release|x64
		{5CF99515-8B96-4FBA-9448-50981D6163B4}.Release|x64.Build.0 = Release|x64
		{5CF99515-8B96-4FBA-9448-50981D6163B4}.Release|x86.ActiveCfg = Release|Win32
		{5CF99515-8B96-4FBA-9448-50981D6163B4}.Release|x86.Build.0 = Release|Win32
		{5BA5E16A-534C-478B-9DFC-268DC4E75C99}.Debug|x64.ActiveCfg = Debug|x64
		{5BA5E16A-534C-478B-9DFC-268DC4E75C99}.Debug|x64.Build.0 = Debug|x64
		{5BA5E16A-534C-478B-9DFC-268DC4E75C99}.Debug|x86.ActiveCfg = Debug|Win32
		{5BA5E16A-534C-478B-9DFC-268DC4E75C99}.Debug|x86.Build.0 = Debug|Win32
		{5BA5E16A-534C-478B-9DFC-268DC4E75C99}.Release|x64.ActiveCfg = Release|x64
		{5BA5E16A-534C-478B-9DFC-268DC4E75C99}.Release|x64.Build.0 = Release|x64
		{5BA5E16A-534C-478B-9DFC-268DC4E75C99}.Release|x86.ActiveCfg = Release|Win32
		{5BA5E16A-534C-478B-9DFC-268DC4E75C99}.Release|x86.Build.0 = Release|Win32
		{5457BC56-732A-4FCE-81FF-0A326A9C77D9}.Debug|x64.ActiveCfg = Debug|x64
		{5457BC56-732A-4FCE-81FF-0A326A9C77D9}.Debug|x64.Build.0 = Debug|x64
		{5457BC56-732A-4FCE-81FF-0A326A9C77D9}.Debug|x86.ActiveCfg = Debug|Win32
		{5457BC56-732A-4FCE-81FF-0A326A9C77D9}.Debug|x86.Build.0 = Debug|Win32
		{5457BC56-732A-4FCE-81FF-0A326A9C77D9}.Release|x64.ActiveCfg = Release|x64
		{5457BC56-732A-4FCE-81FF-0A326A9C77D9}.Release|x64.Build.0 = Release|x64
		{5457BC56-732A-4FCE-81FF-0A326A9C77D9}.Release|x86.ActiveCfg = Release|Win32
		{5457BC56-732A-4FCE-81FF-0A326A9C77D9}.Release|x86.Build.0 = Release|Win32
		{C712E4AE-E35A-45BC-ACEC-7DC1052082C2}.Debug|x64.ActiveCfg = Debug|x64
		{C712E4AE-E35A-45BC-ACEC-7DC1052082C2}.Debug|x64.Build.0 = Debug|x64
		{C712E4AE-E35A-45BC-ACEC-7DC1052082C2}.Debug|x86.ActiveCfg = Debug|Win32
		{C712E4AE-E35A-45BC-ACEC-7DC1052082C2}.Debug|x86.Build.0 = Debug|Win32
		{C712E4AE-E35A-45BC-ACEC-7DC1052082C2}.Release|x64.ActiveCfg = Release|x64
		{C712E4AE-E35A-45BC-ACEC-7DC1052082C2}.Release|x64.Build.0 = Release|x64
		{C712E4AE-E35A-45BC-ACEC-7DC1052082C2}.Release|x86.ActiveCfg = Release|Win32
		{C712E4AE-E35A-45BC-ACEC-7DC1052082C2}.Release|x86.Build.0 = Release|Win32
		{A8FFC9A6-1590-4B84-8F54-A0946C0F5709}.Debug|x64.ActiveCfg = Debug|x64
		{A8FFC9A6-1590-4B84-8F54-A0946C0F5709}.Debug|x64.Build.0 = Debug|x64
		{A8FFC9A6-1590-4B84-8F54-A0946C0F5709}.Debug|x86.ActiveCfg = Debug|Win32
		{A8FFC9A6-1590-4B84-8F54-A0946C0F5709}.Debug|x86.Build.0 = Debug|Win32
		{A8FFC9A6-1590-4B84-8F54-A0946C0F5709}.Release|x64.ActiveCfg = Release|x64
		{A8FFC9A6-1590-4B84-8F54-A0946C0F5709}.Release|x64.Build.0 = Release|x64
		{A8FFC9A6-1590-4B84-8F54-A0946C0F5709}.Release|x86.ActiveCfg = Release|Win32
		{A8FFC9A6-1590-4B84-8F54-A0946C0F5709}.Release|x86.Build.0 = Release|Win32
		{08087F6C-CE31-40DA-BEBA-E16D5DEFF0A0}.Debug|x64.ActiveCfg = Debug|x64
		{08087F6C-CE31-40DA-BEBA-E16D5DEFF0A0}.Debug|x64.Build.0 = Debug|x64
		{08087F6C-CE31-40DA-BEBA-E16D5DEFF0A0}.Debug|x86.ActiveCfg = Debug|Win32
		{08087F6C-CE31-40DA-BEBA-E16D5DEFF0A0}.Debug|x86.Build.0 = Debug|Win32
		{08087F6C-CE31-40DA-BEBA-E16D5DEFF0A0}.Release|x64.ActiveCfg = Release|x64
		{08087F6C-CE31-40DA-BEBA-E16D5DEFF0A0}.Release|x64.Build.0 = Release|x64
		{08087F6C-CE31-40DA-BEBA-E16D5DEFF0A0}.Release|x86.ActiveCfg = Release|Win32
		{08087F6C-CE31-40DA-BEBA-E16D5DEFF0A0}.Release|x86.Build.0 = Release|Win32
		{4F31D01E-07DC-481B-8558-DEE4B2F11D0C}.Debug|x64.ActiveCfg = Debug|x64
		{4F31D01E-07DC-481B-8558-DEE4B2F11D0C}.Debug|x64.Build.0 = Debug|x64
		{4F31D01E-07DC-481B-8558-DEE4B2F11D0C}.Debug|x86.ActiveCfg = Debug|Win32
		{4F31D01E-07DC-481B-8558-DEE4B2F11D0C}.Debug|x86.Build.0 = Debug|Win32
		{4F31D01E-07DC-481B-8558-DEE4B2F11D0C}.Release|x64.ActiveCfg = Release|x64
		{4F31D01E-07DC-481B-8558-DEE4B2F11D0C}.Release|x64.Build.0 = Release|x64
		{4F31D01E-07DC-481B-8558-DEE4B2F11D0C}.Release|x86.ActiveCfg = Release|Win32
		{4F31D01E-07DC-481B-8558-DEE4B2F11D0C}.Release|x86.Build.0 = Release|Win32
		{B6ED1284-B241-4E46-8C69-CB9695DACD28}.Debug|x64.ActiveCfg = Debug|x64
		{B6ED1284-B241-4E46-8C69-CB9695DACD28}.Debug|x64.Build.0 = Debug|x64
		{B6ED1284-B241-4E46-8C69-CB9695DACD28}.Debug|x86.ActiveCfg = Debug|Win32
		{B6ED1284-B241-4E46-8C69-CB9695DACD28}.Debug|x86.Build.0 = Debug|Win32
		{B6ED1284-B241-4E46-8C69-CB9695DACD28}.Release|x64.ActiveCfg = Release|x64
		{B6ED1284-B241-4E46-8C69-CB9695DACD28}.Release|x64.Build.0 = Release|x64
		{B6ED1284-B241-4E46-8C69-CB9695DACD28}.Release|x86.ActiveCfg = Release|Win32
		{B6ED1284-B241-4E46-8C69-CB9695DACD28}.Release|x86.Build.0 = Release|Win32
		{69657058-E405-4BC0-99CF-E3F08E6A2415}.Debug|x64.ActiveCfg = Debug|x64
		{69657058-E405-4BC0-99CF-E3F08E6A2415}.Debug|x64.Build.0 = Debug|x64
		{69657058-E405-4BC0-99CF-E3F08E6A2415}.Debug|x86.ActiveCfg = Debug|Win32
		{69657058-E405-4BC0-99CF-E3F08E6A2415}.Debug|x86.Build.0 = Debug|Win32
		{69657058-E405-4BC0-99CF-E3F08E6A2415}.Release|x64.ActiveCfg = Release|x64
		{69657058-E405-4BC0-99CF-E3F08E6A2415}.Release|x64.Build.0 = Release|x64
		{69657058-E405-4BC0-99CF-E3F08E6A2415}.Release|x86.ActiveCfg = Release|Win32
		{69657058-E405-4BC0-99CF-E3F08E6A2415}.Release|x86.Build.0 = Release|Win32
		{9E9FA4CE-A108-4793-88D9-0C67E0BFDD07}.Debug|x64.ActiveCfg = Debug|x64
		{9E9FA4CE-A108-4793-88D9-0C67E0BFDD07}.Debug|x64.Build.0 = Debug|x64
		{9E9FA4CE-A108-4793-88D9-0C67E0BFDD07}.Debug|x86.ActiveCfg = Debug|Win32
		{9E9FA4CE-A108-4793-88D9-0C67E0BFDD07}.Debug|x86.Build.0 = Debug|Win32
		{9E9FA4CE-A108-4793-88D9-0C67E0BFDD07}.Release|x64.ActiveCfg = Release|x64
		{9E9FA4CE-A108-4793-88D9-0C67E0BFDD07}.Release|x64.Build.0 = Release|x64
		{9E9FA4CE-A108-4793-88D9-0C67E0BFDD07}.Release|x86.ActiveCfg = Release|Win32
		{9E9FA4CE-A108-4793-88D9-0C67E0BFDD07}.Release|x86.Build.0 = Release|Win32
		{83083F83-19AF-48DB-9948-25BCF1225D6B}.Debug|x64.ActiveCfg = Debug|x64
		{83083F83-19AF-48DB-9948-25BCF1225D6B}.Debug|x64.Build.0 = Debug|x64
		{83083F83-19AF-48DB-9948-25BCF1225D6B}.Debug|x86.ActiveCfg = Debug|Win32
		{83083F83-19AF-48DB-9948-25BCF1225D6B}.Debug|x86.Build.0 = Debug|Win32
		{83083F83-19AF-48DB-9948-25BCF1225D6B}.Release|x64.ActiveCfg = Release|x64
		{83083F83-19AF-48DB-9948-25BCF1225D6B}.Release|x64.Build.0 = Release|x64
		{83083F83-19AF-48DB-9948-25BCF1225D6B}.Release|x86.ActiveCfg = Release|Win32
		{83083F83-19AF-48DB-9948-25BCF1225D6B}.Release|x86.Build.0 = Release|Win32
		{1A344693-37D1-4451-A803-667C908882F2}.Debug|x64.ActiveCfg = Debug|x64
		{1A344693-37D1-4451-A803-667C908882F2}.Debug|x64.Build.0 = Debug|x64
		{1A344693-37D1-4451-A803-667C908882F2}.Debug|x86.ActiveCfg = Debug|Win32
		{1A344693-37D1-4451-A803-667C908882F2}.Debug|x86.Build.0 = Debug|Win32
		{1A344693-37D1-4451-A803-667C908882F2}.Release|x64.ActiveCfg = Release|x64
		{1A344693-37D1-4451-A803-667C908882F2}.Release|x64.Build.0 = Release|x64
		{1A344693-37D1-4451-A803-667C908882F2}.Release|x86.ActiveCfg = Release|Win32
		{1A344693-37D1-4451-A803-667C908882F2}.Release|x86.Build.0 = Release|Win32
		{C27EFAB0-FFBD-4296-942B-1A947FAE50C7}.Debug|x64.ActiveCfg = Debug|x64
		{C27EFAB0-FFBD-4296-942B-1A947FAE50C7}.Debug|x64.Build.0 = Debug|x64
		{C27EFAB0-FFBD-4296-942B-1A947FAE50C7}.Debug|x86.ActiveCfg = Debug|Win32
		{C27EFAB0-FFBD-4296-942B-1A947FAE50C7}.Debug|x86.Build.0 = Debug|Win32
		{C27EFAB0-FFBD-4296-942B-1A947FAE50C7}.Release|x64.ActiveCfg = Release|x64
		{C27EFAB0-FFBD-4296-942B-1A947FAE50C7}.Release|x64.Build.0 = Release|x64
		{C27EFAB0-FFBD-4296-942B-1A947FAE50C7}.Release|x86.ActiveCfg = Release|Win32
		{C27EFAB0-FFBD-4296-942B-1A947FAE50C7}.Release|x86.Build.0 = Release|Win32
		{AA510F99-70FA-4ADE-ACD8-7591C3584791}.Debug|x64.ActiveCfg = Debug|x64
		{AA510F99-70FA-4ADE-ACD8-7591C3584791}.Debug|x64.Build.0 = Debug|x64
		{AA510F99-70FA-4ADE-ACD8-7591C3584791}.Debug|x86.ActiveCfg = Debug|Win32
		{AA510F99-70FA-4ADE-ACD8-7591C3584791}.Debug|x86.Build.0 = Debug|Win32
		{AA510F99-70FA-4ADE-ACD8-7591C3584791}.Release|x64.ActiveCfg = Release|x64
		{AA510F99-70FA-4ADE-ACD8-7591C3584791}.Release|x64.Build.0 = Release|x64
		{AA510F99-70FA-4ADE-ACD8-7591C3584791}.Release|x86.ActiveCfg = Release|Win32
		{AA510F99-70FA-4ADE-ACD8-7591C3584791}.Release|x86.Build.0 = Release|Win32
		{16CA4FF7-27DC-4EEE-BD26-C79F71DDD5B8}.Debug|x64.ActiveCfg = Debug|x64
		{16CA4FF7-27DC-4EEE-BD26-C79F71DDD5B8}.Debug|x64.Build.0 = Debug|x64
		{16CA4FF7-27DC-4EEE-BD26-C79F71DDD5B8}.Debug|x86.ActiveCfg = Debug|Win32
		{16CA4FF7-27DC-4EEE-BD26-C79F71DDD5B8}.Debug|x86.Build.0 = Debug|Win32
		{16CA4FF7-27DC-4EEE-BD26-C79F71DDD5B8}.Release|x64.ActiveCfg = Release|x64
		{16CA4FF7-27DC-4EEE-BD26-C79F71DDD5B8}.Release|x64.Build.0 = Release|x64
		{16CA4FF7-27DC-4EEE-BD26-C79F71DDD5B8}.Release|x86.ActiveCfg = Release|Win32
		{16CA4FF7-27DC-4EEE-BD26-C79F71DDD5B8}.Release|x86.Build.0 = Release|Win32
	EndGlobalSection
	GlobalSection(SolutionProperties) = preSolution
		HideSolutionNode = FALSE
	EndGlobalSection
	GlobalSection(NestedProjects) = preSolution
		{5CF99515-8B96-4FBA-9448-50981D6163B4} = {575A69B9-32F6-4441-9577-8E4AC031AE5B}
		{5BA5E16A-534C-478B-9DFC-268DC4E75C99} = {575A69B9-32F6-4441-9577-8E4AC031AE5B}
		{5457BC56-732A-4FCE-81FF-0A326A9C77D9} = {575A69B9-32F6-4441-9577-8E4AC031AE5B}
		{C712E4AE-E35A-45BC-ACEC-7DC1052082C2} = {575A69B9-32F6-4441-9577-8E4AC031AE5B}
		{A8FFC9A6-1590-4B84-8F54-A0946C0F5709} = {575A69B9-32F6-4441-9577-8E4AC031AE5B}
		{08087F6C-CE31-40DA-BEBA-E16D5DEFF0A0} = {575A69B9-32F6-4441-9577-8E4AC031AE5B}
		{4F31D01E-07DC-481B-8558-DEE4B2F11D0C} = {575A69B9-32F6-4441-9577-8E4AC031AE5B}
		{B6ED1284-B241-4E46-8C69-CB9695DACD28} = {575A69B9-32F6-4441-9577-8E4AC031AE5B}
		{69657058-E405-4BC0-99CF-E3F08E6A2415} = {575A69B9-32F6-4441-9577-8E4AC031AE5B}
		{9E9FA4CE-A108-4793-88D9-0C67E0BFDD07} = {575A69B9-32F6-4441-9577-8E4AC031AE5B}
		{83083F83-19AF-48DB-9948-25BCF1225D6B} = {575A69B9-32F6-4441-9577-8E4AC031AE5B}
		{1A344693-37D1-4451-A803-667C908882F2} = {575A69B9-32F6-4441-9577-8E4AC031AE5B}
		{C27EFAB0-FFBD-4296-942B-1A947FAE50C7} = {575A69B9-32F6-4441-9577-8E4AC031AE5B}
		{AA510F99-70FA-4ADE-ACD8-7591C3584791} = {34B2CA7D-1B61-4D9E-B6CB-C6C4255AC831}
		{16CA4FF7-27DC-4EEE-BD26-C79F71DDD5B8} = {34B2CA7D-1B61-4D9E-B6CB-C6C4255AC831}
	EndGlobalSection
	GlobalSection(ExtensibilityGlobals) = postSolution
		SolutionGuid = {3F7F2A53-CB3A-4C53-8E8D-1A131FF799CA}
	EndGlobalSection
EndGlobal
