
Microsoft Visual Studio Solution File, Format Version 12.00
# Visual Studio Version 16
VisualStudioVersion = 16.0.31911.196
MinimumVisualStudioVersion = 10.0.40219.1
Project("{8BC9CEB8-8B4A-11D0-8D11-00A0C91BC942}") = "day1_practice01", "day1_practice.vcxproj", "{292E5654-86BE-41CA-A23B-4EE40E4FA993}"
EndProject
Project("{8BC9CEB8-8B4A-11D0-8D11-00A0C91BC942}") = "day1_practice02", "..\day1_practice02\day1_practice02.vcxproj", "{31B96BD1-4647-4676-AC7C-38FFC771A6F9}"
EndProject
Project("{8BC9CEB8-8B4A-11D0-8D11-00A0C91BC942}") = "day1_practice03", "..\day1_practice03\day1_practice03.vcxproj", "{B5FD588F-4BF4-4FE6-B1EF-293223D62255}"
EndProject
Project("{8BC9CEB8-8B4A-11D0-8D11-00A0C91BC942}") = "day1_practice04", "..\day1_practice04\day1_practice04.vcxproj", "{39B16EEF-8F07-47FD-9900-40FDF6F5BDB3}"
EndProject
Project("{8BC9CEB8-8B4A-11D0-8D11-00A0C91BC942}") = "day1_practice05", "..\day1_practice05\day1_practice05.vcxproj", "{D3F43E80-FF60-4B3D-B6AB-CDD9407A0C3D}"
EndProject
Project("{8BC9CEB8-8B4A-11D0-8D11-00A0C91BC942}") = "day1_practice06", "..\day1_practice06\day1_practice06.vcxproj", "{9224DB2D-DFC3-40CA-9898-7416EA99DC63}"
EndProject
Project("{8BC9CEB8-8B4A-11D0-8D11-00A0C91BC942}") = "day1_practice07", "..\day1_practice07\day1_practice07.vcxproj", "{356FC7E3-9D94-4779-B098-F89ACD3ACE31}"
EndProject
Global
	GlobalSection(SolutionConfigurationPlatforms) = preSolution
		Debug|x64 = Debug|x64
		Debug|x86 = Debug|x86
		Release|x64 = Release|x64
		Release|x86 = Release|x86
	EndGlobalSection
	GlobalSection(ProjectConfigurationPlatforms) = postSolution
		{292E5654-86BE-41CA-A23B-4EE40E4FA993}.Debug|x64.ActiveCfg = Debug|x64
		{292E5654-86BE-41CA-A23B-4EE40E4FA993}.Debug|x64.Build.0 = Debug|x64
		{292E5654-86BE-41CA-A23B-4EE40E4FA993}.Debug|x86.ActiveCfg = Debug|Win32
		{292E5654-86BE-41CA-A23B-4EE40E4FA993}.Debug|x86.Build.0 = Debug|Win32
		{292E5654-86BE-41CA-A23B-4EE40E4FA993}.Release|x64.ActiveCfg = Release|x64
		{292E5654-86BE-41CA-A23B-4EE40E4FA993}.Release|x64.Build.0 = Release|x64
		{292E5654-86BE-41CA-A23B-4EE40E4FA993}.Release|x86.ActiveCfg = Release|Win32
		{292E5654-86BE-41CA-A23B-4EE40E4FA993}.Release|x86.Build.0 = Release|Win32
		{31B96BD1-4647-4676-AC7C-38FFC771A6F9}.Debug|x64.ActiveCfg = Debug|x64
		{31B96BD1-4647-4676-AC7C-38FFC771A6F9}.Debug|x64.Build.0 = Debug|x64
		{31B96BD1-4647-4676-AC7C-38FFC771A6F9}.Debug|x86.ActiveCfg = Debug|Win32
		{31B96BD1-4647-4676-AC7C-38FFC771A6F9}.Debug|x86.Build.0 = Debug|Win32
		{31B96BD1-4647-4676-AC7C-38FFC771A6F9}.Release|x64.ActiveCfg = Release|x64
		{31B96BD1-4647-4676-AC7C-38FFC771A6F9}.Release|x64.Build.0 = Release|x64
		{31B96BD1-4647-4676-AC7C-38FFC771A6F9}.Release|x86.ActiveCfg = Release|Win32
		{31B96BD1-4647-4676-AC7C-38FFC771A6F9}.Release|x86.Build.0 = Release|Win32
		{B5FD588F-4BF4-4FE6-B1EF-293223D62255}.Debug|x64.ActiveCfg = Debug|x64
		{B5FD588F-4BF4-4FE6-B1EF-293223D62255}.Debug|x64.Build.0 = Debug|x64
		{B5FD588F-4BF4-4FE6-B1EF-293223D62255}.Debug|x86.ActiveCfg = Debug|Win32
		{B5FD588F-4BF4-4FE6-B1EF-293223D62255}.Debug|x86.Build.0 = Debug|Win32
		{B5FD588F-4BF4-4FE6-B1EF-293223D62255}.Release|x64.ActiveCfg = Release|x64
		{B5FD588F-4BF4-4FE6-B1EF-293223D62255}.Release|x64.Build.0 = Release|x64
		{B5FD588F-4BF4-4FE6-B1EF-293223D62255}.Release|x86.ActiveCfg = Release|Win32
		{B5FD588F-4BF4-4FE6-B1EF-293223D62255}.Release|x86.Build.0 = Release|Win32
		{39B16EEF-8F07-47FD-9900-40FDF6F5BDB3}.Debug|x64.ActiveCfg = Debug|x64
		{39B16EEF-8F07-47FD-9900-40FDF6F5BDB3}.Debug|x64.Build.0 = Debug|x64
		{39B16EEF-8F07-47FD-9900-40FDF6F5BDB3}.Debug|x86.ActiveCfg = Debug|Win32
		{39B16EEF-8F07-47FD-9900-40FDF6F5BDB3}.Debug|x86.Build.0 = Debug|Win32
		{39B16EEF-8F07-47FD-9900-40FDF6F5BDB3}.Release|x64.ActiveCfg = Release|x64
		{39B16EEF-8F07-47FD-9900-40FDF6F5BDB3}.Release|x64.Build.0 = Release|x64
		{39B16EEF-8F07-47FD-9900-40FDF6F5BDB3}.Release|x86.ActiveCfg = Release|Win32
		{39B16EEF-8F07-47FD-9900-40FDF6F5BDB3}.Release|x86.Build.0 = Release|Win32
		{D3F43E80-FF60-4B3D-B6AB-CDD9407A0C3D}.Debug|x64.ActiveCfg = Debug|x64
		{D3F43E80-FF60-4B3D-B6AB-CDD9407A0C3D}.Debug|x64.Build.0 = Debug|x64
		{D3F43E80-FF60-4B3D-B6AB-CDD9407A0C3D}.Debug|x86.ActiveCfg = Debug|Win32
		{D3F43E80-FF60-4B3D-B6AB-CDD9407A0C3D}.Debug|x86.Build.0 = Debug|Win32
		{D3F43E80-FF60-4B3D-B6AB-CDD9407A0C3D}.Release|x64.ActiveCfg = Release|x64
		{D3F43E80-FF60-4B3D-B6AB-CDD9407A0C3D}.Release|x64.Build.0 = Release|x64
		{D3F43E80-FF60-4B3D-B6AB-CDD9407A0C3D}.Release|x86.ActiveCfg = Release|Win32
		{D3F43E80-FF60-4B3D-B6AB-CDD9407A0C3D}.Release|x86.Build.0 = Release|Win32
		{9224DB2D-DFC3-40CA-9898-7416EA99DC63}.Debug|x64.ActiveCfg = Debug|x64
		{9224DB2D-DFC3-40CA-9898-7416EA99DC63}.Debug|x64.Build.0 = Debug|x64
		{9224DB2D-DFC3-40CA-9898-7416EA99DC63}.Debug|x86.ActiveCfg = Debug|Win32
		{9224DB2D-DFC3-40CA-9898-7416EA99DC63}.Debug|x86.Build.0 = Debug|Win32
		{9224DB2D-DFC3-40CA-9898-7416EA99DC63}.Release|x64.ActiveCfg = Release|x64
		{9224DB2D-DFC3-40CA-9898-7416EA99DC63}.Release|x64.Build.0 = Release|x64
		{9224DB2D-DFC3-40CA-9898-7416EA99DC63}.Release|x86.ActiveCfg = Release|Win32
		{9224DB2D-DFC3-40CA-9898-7416EA99DC63}.Release|x86.Build.0 = Release|Win32
		{356FC7E3-9D94-4779-B098-F89ACD3ACE31}.Debug|x64.ActiveCfg = Debug|x64
		{356FC7E3-9D94-4779-B098-F89ACD3ACE31}.Debug|x64.Build.0 = Debug|x64
		{356FC7E3-9D94-4779-B098-F89ACD3ACE31}.Debug|x86.ActiveCfg = Debug|Win32
		{356FC7E3-9D94-4779-B098-F89ACD3ACE31}.Debug|x86.Build.0 = Debug|Win32
		{356FC7E3-9D94-4779-B098-F89ACD3ACE31}.Release|x64.ActiveCfg = Release|x64
		{356FC7E3-9D94-4779-B098-F89ACD3ACE31}.Release|x64.Build.0 = Release|x64
		{356FC7E3-9D94-4779-B098-F89ACD3ACE31}.Release|x86.ActiveCfg = Release|Win32
		{356FC7E3-9D94-4779-B098-F89ACD3ACE31}.Release|x86.Build.0 = Release|Win32
	EndGlobalSection
	GlobalSection(SolutionProperties) = preSolution
		HideSolutionNode = FALSE
	EndGlobalSection
	GlobalSection(ExtensibilityGlobals) = postSolution
		SolutionGuid = {9F150AAB-EAD6-44B9-83B8-8A45F3927030}
	EndGlobalSection
EndGlobal
