
Microsoft Visual Studio Solution File, Format Version 12.00
# Visual Studio Version 16
VisualStudioVersion = 16.0.31911.196
MinimumVisualStudioVersion = 10.0.40219.1
Project("{8BC9CEB8-8B4A-11D0-8D11-00A0C91BC942}") = "day5_step01", "day5_step01\day5_step01.vcxproj", "{73FE9E3F-A40C-421C-BE27-40BE5DD2A3BD}"
EndProject
Project("{8BC9CEB8-8B4A-11D0-8D11-00A0C91BC942}") = "day5_step02", "day5_step02\day5_step02.vcxproj", "{DDACCCAC-33E6-4757-8E04-B5A0B78C4FA8}"
EndProject
Global
	GlobalSection(SolutionConfigurationPlatforms) = preSolution
		Debug|x64 = Debug|x64
		Debug|x86 = Debug|x86
		Release|x64 = Release|x64
		Release|x86 = Release|x86
	EndGlobalSection
	GlobalSection(ProjectConfigurationPlatforms) = postSolution
		{73FE9E3F-A40C-421C-BE27-40BE5DD2A3BD}.Debug|x64.ActiveCfg = Debug|x64
		{73FE9E3F-A40C-421C-BE27-40BE5DD2A3BD}.Debug|x64.Build.0 = Debug|x64
		{73FE9E3F-A40C-421C-BE27-40BE5DD2A3BD}.Debug|x86.ActiveCfg = Debug|Win32
		{73FE9E3F-A40C-421C-BE27-40BE5DD2A3BD}.Debug|x86.Build.0 = Debug|Win32
		{73FE9E3F-A40C-421C-BE27-40BE5DD2A3BD}.Release|x64.ActiveCfg = Release|x64
		{73FE9E3F-A40C-421C-BE27-40BE5DD2A3BD}.Release|x64.Build.0 = Release|x64
		{73FE9E3F-A40C-421C-BE27-40BE5DD2A3BD}.Release|x86.ActiveCfg = Release|Win32
		{73FE9E3F-A40C-421C-BE27-40BE5DD2A3BD}.Release|x86.Build.0 = Release|Win32
		{DDACCCAC-33E6-4757-8E04-B5A0B78C4FA8}.Debug|x64.ActiveCfg = Debug|x64
		{DDACCCAC-33E6-4757-8E04-B5A0B78C4FA8}.Debug|x64.Build.0 = Debug|x64
		{DDACCCAC-33E6-4757-8E04-B5A0B78C4FA8}.Debug|x86.ActiveCfg = Debug|Win32
		{DDACCCAC-33E6-4757-8E04-B5A0B78C4FA8}.Debug|x86.Build.0 = Debug|Win32
		{DDACCCAC-33E6-4757-8E04-B5A0B78C4FA8}.Release|x64.ActiveCfg = Release|x64
		{DDACCCAC-33E6-4757-8E04-B5A0B78C4FA8}.Release|x64.Build.0 = Release|x64
		{DDACCCAC-33E6-4757-8E04-B5A0B78C4FA8}.Release|x86.ActiveCfg = Release|Win32
		{DDACCCAC-33E6-4757-8E04-B5A0B78C4FA8}.Release|x86.Build.0 = Release|Win32
	EndGlobalSection
	GlobalSection(SolutionProperties) = preSolution
		HideSolutionNode = FALSE
	EndGlobalSection
	GlobalSection(ExtensibilityGlobals) = postSolution
		SolutionGuid = {2F913AD8-4064-476F-B245-043A98E784CB}
	EndGlobalSection
EndGlobal
