
Microsoft Visual Studio Solution File, Format Version 12.00
# Visual Studio Version 16
VisualStudioVersion = 16.0.31911.196
MinimumVisualStudioVersion = 10.0.40219.1
Project("{8BC9CEB8-8B4A-11D0-8D11-00A0C91BC942}") = "chapter11_exam01", "chapter11_exam.vcxproj", "{38145F56-79C9-4CF9-B7DD-BD4EBBB3A2D1}"
EndProject
Project("{8BC9CEB8-8B4A-11D0-8D11-00A0C91BC942}") = "chapter11_exam02", "..\chapter11_exam02\chapter11_exam02.vcxproj", "{48F27E8D-43AC-43AF-B5A5-4F8C5A0DA842}"
EndProject
Project("{8BC9CEB8-8B4A-11D0-8D11-00A0C91BC942}") = "chapter11_exam03", "..\chapter11_exam03\chapter11_exam03.vcxproj", "{2590C93E-9FF9-49C1-A3E3-624E5BD49909}"
EndProject
Project("{8BC9CEB8-8B4A-11D0-8D11-00A0C91BC942}") = "chapter11_exam04", "..\chapter11_exam04\chapter11_exam04.vcxproj", "{63E7A879-9A37-4193-A1DD-8F0D64674B84}"
EndProject
Project("{8BC9CEB8-8B4A-11D0-8D11-00A0C91BC942}") = "chapter11_exam05", "..\chapter11_exam05\chapter11_exam05.vcxproj", "{F238E37F-9058-4DB8-A327-2216BA09A081}"
EndProject
Project("{8BC9CEB8-8B4A-11D0-8D11-00A0C91BC942}") = "chapter11_test01", "..\chapter11_test01\chapter11_test01.vcxproj", "{6F778AB5-FE66-4C10-B5C2-4B99B55BC8D2}"
EndProject
Project("{8BC9CEB8-8B4A-11D0-8D11-00A0C91BC942}") = "chapter11_test02", "..\chapter11_test02\chapter11_test02.vcxproj", "{C7CA022F-614D-4FAA-A778-A17152AF6E6A}"
EndProject
Global
	GlobalSection(SolutionConfigurationPlatforms) = preSolution
		Debug|x64 = Debug|x64
		Debug|x86 = Debug|x86
		Release|x64 = Release|x64
		Release|x86 = Release|x86
	EndGlobalSection
	GlobalSection(ProjectConfigurationPlatforms) = postSolution
		{38145F56-79C9-4CF9-B7DD-BD4EBBB3A2D1}.Debug|x64.ActiveCfg = Debug|x64
		{38145F56-79C9-4CF9-B7DD-BD4EBBB3A2D1}.Debug|x64.Build.0 = Debug|x64
		{38145F56-79C9-4CF9-B7DD-BD4EBBB3A2D1}.Debug|x86.ActiveCfg = Debug|Win32
		{38145F56-79C9-4CF9-B7DD-BD4EBBB3A2D1}.Debug|x86.Build.0 = Debug|Win32
		{38145F56-79C9-4CF9-B7DD-BD4EBBB3A2D1}.Release|x64.ActiveCfg = Release|x64
		{38145F56-79C9-4CF9-B7DD-BD4EBBB3A2D1}.Release|x64.Build.0 = Release|x64
		{38145F56-79C9-4CF9-B7DD-BD4EBBB3A2D1}.Release|x86.ActiveCfg = Release|Win32
		{38145F56-79C9-4CF9-B7DD-BD4EBBB3A2D1}.Release|x86.Build.0 = Release|Win32
		{48F27E8D-43AC-43AF-B5A5-4F8C5A0DA842}.Debug|x64.ActiveCfg = Debug|x64
		{48F27E8D-43AC-43AF-B5A5-4F8C5A0DA842}.Debug|x64.Build.0 = Debug|x64
		{48F27E8D-43AC-43AF-B5A5-4F8C5A0DA842}.Debug|x86.ActiveCfg = Debug|Win32
		{48F27E8D-43AC-43AF-B5A5-4F8C5A0DA842}.Debug|x86.Build.0 = Debug|Win32
		{48F27E8D-43AC-43AF-B5A5-4F8C5A0DA842}.Release|x64.ActiveCfg = Release|x64
		{48F27E8D-43AC-43AF-B5A5-4F8C5A0DA842}.Release|x64.Build.0 = Release|x64
		{48F27E8D-43AC-43AF-B5A5-4F8C5A0DA842}.Release|x86.ActiveCfg = Release|Win32
		{48F27E8D-43AC-43AF-B5A5-4F8C5A0DA842}.Release|x86.Build.0 = Release|Win32
		{2590C93E-9FF9-49C1-A3E3-624E5BD49909}.Debug|x64.ActiveCfg = Debug|x64
		{2590C93E-9FF9-49C1-A3E3-624E5BD49909}.Debug|x64.Build.0 = Debug|x64
		{2590C93E-9FF9-49C1-A3E3-624E5BD49909}.Debug|x86.ActiveCfg = Debug|Win32
		{2590C93E-9FF9-49C1-A3E3-624E5BD49909}.Debug|x86.Build.0 = Debug|Win32
		{2590C93E-9FF9-49C1-A3E3-624E5BD49909}.Release|x64.ActiveCfg = Release|x64
		{2590C93E-9FF9-49C1-A3E3-624E5BD49909}.Release|x64.Build.0 = Release|x64
		{2590C93E-9FF9-49C1-A3E3-624E5BD49909}.Release|x86.ActiveCfg = Release|Win32
		{2590C93E-9FF9-49C1-A3E3-624E5BD49909}.Release|x86.Build.0 = Release|Win32
		{63E7A879-9A37-4193-A1DD-8F0D64674B84}.Debug|x64.ActiveCfg = Debug|x64
		{63E7A879-9A37-4193-A1DD-8F0D64674B84}.Debug|x64.Build.0 = Debug|x64
		{63E7A879-9A37-4193-A1DD-8F0D64674B84}.Debug|x86.ActiveCfg = Debug|Win32
		{63E7A879-9A37-4193-A1DD-8F0D64674B84}.Debug|x86.Build.0 = Debug|Win32
		{63E7A879-9A37-4193-A1DD-8F0D64674B84}.Release|x64.ActiveCfg = Release|x64
		{63E7A879-9A37-4193-A1DD-8F0D64674B84}.Release|x64.Build.0 = Release|x64
		{63E7A879-9A37-4193-A1DD-8F0D64674B84}.Release|x86.ActiveCfg = Release|Win32
		{63E7A879-9A37-4193-A1DD-8F0D64674B84}.Release|x86.Build.0 = Release|Win32
		{F238E37F-9058-4DB8-A327-2216BA09A081}.Debug|x64.ActiveCfg = Debug|x64
		{F238E37F-9058-4DB8-A327-2216BA09A081}.Debug|x64.Build.0 = Debug|x64
		{F238E37F-9058-4DB8-A327-2216BA09A081}.Debug|x86.ActiveCfg = Debug|Win32
		{F238E37F-9058-4DB8-A327-2216BA09A081}.Debug|x86.Build.0 = Debug|Win32
		{F238E37F-9058-4DB8-A327-2216BA09A081}.Release|x64.ActiveCfg = Release|x64
		{F238E37F-9058-4DB8-A327-2216BA09A081}.Release|x64.Build.0 = Release|x64
		{F238E37F-9058-4DB8-A327-2216BA09A081}.Release|x86.ActiveCfg = Release|Win32
		{F238E37F-9058-4DB8-A327-2216BA09A081}.Release|x86.Build.0 = Release|Win32
		{6F778AB5-FE66-4C10-B5C2-4B99B55BC8D2}.Debug|x64.ActiveCfg = Debug|x64
		{6F778AB5-FE66-4C10-B5C2-4B99B55BC8D2}.Debug|x64.Build.0 = Debug|x64
		{6F778AB5-FE66-4C10-B5C2-4B99B55BC8D2}.Debug|x86.ActiveCfg = Debug|Win32
		{6F778AB5-FE66-4C10-B5C2-4B99B55BC8D2}.Debug|x86.Build.0 = Debug|Win32
		{6F778AB5-FE66-4C10-B5C2-4B99B55BC8D2}.Release|x64.ActiveCfg = Release|x64
		{6F778AB5-FE66-4C10-B5C2-4B99B55BC8D2}.Release|x64.Build.0 = Release|x64
		{6F778AB5-FE66-4C10-B5C2-4B99B55BC8D2}.Release|x86.ActiveCfg = Release|Win32
		{6F778AB5-FE66-4C10-B5C2-4B99B55BC8D2}.Release|x86.Build.0 = Release|Win32
		{C7CA022F-614D-4FAA-A778-A17152AF6E6A}.Debug|x64.ActiveCfg = Debug|x64
		{C7CA022F-614D-4FAA-A778-A17152AF6E6A}.Debug|x64.Build.0 = Debug|x64
		{C7CA022F-614D-4FAA-A778-A17152AF6E6A}.Debug|x86.ActiveCfg = Debug|Win32
		{C7CA022F-614D-4FAA-A778-A17152AF6E6A}.Debug|x86.Build.0 = Debug|Win32
		{C7CA022F-614D-4FAA-A778-A17152AF6E6A}.Release|x64.ActiveCfg = Release|x64
		{C7CA022F-614D-4FAA-A778-A17152AF6E6A}.Release|x64.Build.0 = Release|x64
		{C7CA022F-614D-4FAA-A778-A17152AF6E6A}.Release|x86.ActiveCfg = Release|Win32
		{C7CA022F-614D-4FAA-A778-A17152AF6E6A}.Release|x86.Build.0 = Release|Win32
	EndGlobalSection
	GlobalSection(SolutionProperties) = preSolution
		HideSolutionNode = FALSE
	EndGlobalSection
	GlobalSection(ExtensibilityGlobals) = postSolution
		SolutionGuid = {5AD4EB95-106D-4B58-8C08-782EC56CF908}
	EndGlobalSection
EndGlobal
